
Microsoft Visual Studio Solution File, Format Version 12.00
# Visual Studio Version 16
VisualStudioVersion = 16.0.35931.194
MinimumVisualStudioVersion = 10.0.40219.1
Project("{F184B08F-C81C-45F6-A57F-5ABD9991F28F}") = "MicrosoftWine vb", "MicrosoftWine vb\MicrosoftWine vb.vbproj", "{18993CB0-3134-4161-85C7-509855997143}"
EndProject
Project("{FAE04EC0-301F-11D3-BF4B-00C04F79EFBC}") = "MicrosoftWine", "MicrosoftWine\MicrosoftWine.csproj", "{28A17DB0-311D-4584-986D-88AE280AE713}"
EndProject
Global
	GlobalSection(SolutionConfigurationPlatforms) = preSolution
		Debug|Any CPU = Debug|Any CPU
		Release|Any CPU = Release|Any CPU
	EndGlobalSection
	GlobalSection(ProjectConfigurationPlatforms) = postSolution
		{18993CB0-3134-4161-85C7-509855997143}.Debug|Any CPU.ActiveCfg = Debug|Any CPU
		{18993CB0-3134-4161-85C7-509855997143}.Debug|Any CPU.Build.0 = Debug|Any CPU
		{18993CB0-3134-4161-85C7-509855997143}.Release|Any CPU.ActiveCfg = Release|Any CPU
		{18993CB0-3134-4161-85C7-509855997143}.Release|Any CPU.Build.0 = Release|Any CPU
		{28A17DB0-311D-4584-986D-88AE280AE713}.Debug|Any CPU.ActiveCfg = Debug|Any CPU
		{28A17DB0-311D-4584-986D-88AE280AE713}.Debug|Any CPU.Build.0 = Debug|Any CPU
		{28A17DB0-311D-4584-986D-88AE280AE713}.Release|Any CPU.ActiveCfg = Release|Any CPU
		{28A17DB0-311D-4584-986D-88AE280AE713}.Release|Any CPU.Build.0 = Release|Any CPU
	EndGlobalSection
	GlobalSection(SolutionProperties) = preSolution
		HideSolutionNode = FALSE
	EndGlobalSection
	GlobalSection(ExtensibilityGlobals) = postSolution
		SolutionGuid = {612C3BE7-143D-488D-93E2-47CE3849CB76}
	EndGlobalSection
EndGlobal
